
Microsoft Visual Studio Solution File, Format Version 9.00
# Visual Studio 2005
Project("{8BC9CEB8-8B4A-11D0-8D11-00A0C91BC942}") = "Dyprosium", "Dyprosium\Dyprosium.vcproj", "{E41843E2-5B79-363C-8D13-7EC7AECEC80B}"
	GlobalSection(Qt) = preSolution
		Integration = True
	EndGlobalSection
EndProject
Global
	GlobalSection(Qt) = preSolution
		Integration = True
	EndGlobalSection
	GlobalSection(SolutionConfigurationPlatforms) = preSolution
		Debug|Win32 = Debug|Win32
		Release|Win32 = Release|Win32
	EndGlobalSection
	GlobalSection(ProjectConfigurationPlatforms) = postSolution
		{E41843E2-5B79-363C-8D13-7EC7AECEC80B}.Debug|Win32.ActiveCfg = Debug|Win32
		{E41843E2-5B79-363C-8D13-7EC7AECEC80B}.Debug|Win32.Build.0 = Debug|Win32
		{E41843E2-5B79-363C-8D13-7EC7AECEC80B}.Release|Win32.ActiveCfg = Release|Win32
		{E41843E2-5B79-363C-8D13-7EC7AECEC80B}.Release|Win32.Build.0 = Release|Win32
	EndGlobalSection
	GlobalSection(SolutionProperties) = preSolution
		HideSolutionNode = FALSE
	EndGlobalSection
EndGlobal
